// !$*UTF8*$!
{
	archiveVersion = 1;
	classes = {
	};
	objectVersion = 50;
	objects = {

/* Begin PBXBuildFile section */
		F2D5A88D25E2F29000260797 /* AppDelegate.swift in Sources */ = {isa = PBXBuildFile; fileRef = F2D5A88C25E2F29000260797 /* AppDelegate.swift */; };
		F2D5A88F25E2F29000260797 /* SceneDelegate.swift in Sources */ = {isa = PBXBuildFile; fileRef = F2D5A88E25E2F29000260797 /* SceneDelegate.swift */; };
		F2D5A89125E2F29000260797 /* StoryBoardViewController.swift in Sources */ = {isa = PBXBuildFile; fileRef = F2D5A89025E2F29000260797 /* StoryBoardViewController.swift */; };
		F2D5A89425E2F29000260797 /* Main.storyboard in Resources */ = {isa = PBXBuildFile; fileRef = F2D5A89225E2F29000260797 /* Main.storyboard */; };
		F2D5A89625E2F29100260797 /* Assets.xcassets in Resources */ = {isa = PBXBuildFile; fileRef = F2D5A89525E2F29100260797 /* Assets.xcassets */; };
		F2D5A89925E2F29100260797 /* LaunchScreen.storyboard in Resources */ = {isa = PBXBuildFile; fileRef = F2D5A89725E2F29100260797 /* LaunchScreen.storyboard */; };
		F2D5A8C625E2F45700260797 /* StoryBoardViewControllerTests.swift in Sources */ = {isa = PBXBuildFile; fileRef = F2D5A8C525E2F45700260797 /* StoryBoardViewControllerTests.swift */; };
/* End PBXBuildFile section */

/* Begin PBXContainerItemProxy section */
		F2D5A8A025E2F29100260797 /* PBXContainerItemProxy */ = {
			isa = PBXContainerItemProxy;
			containerPortal = F2D5A88125E2F28F00260797 /* Project object */;
			proxyType = 1;
			remoteGlobalIDString = F2D5A88825E2F29000260797;
			remoteInfo = TestViewControllers;
		};
/* End PBXContainerItemProxy section */

/* Begin PBXFileReference section */
		F2D5A88925E2F29000260797 /* TestViewControllers.app */ = {isa = PBXFileReference; explicitFileType = wrapper.application; includeInIndex = 0; path = TestViewControllers.app; sourceTree = BUILT_PRODUCTS_DIR; };
		F2D5A88C25E2F29000260797 /* AppDelegate.swift */ = {isa = PBXFileReference; lastKnownFileType = sourcecode.swift; path = AppDelegate.swift; sourceTree = "<group>"; };
		F2D5A88E25E2F29000260797 /* SceneDelegate.swift */ = {isa = PBXFileReference; lastKnownFileType = sourcecode.swift; path = SceneDelegate.swift; sourceTree = "<group>"; };
		F2D5A89025E2F29000260797 /* StoryBoardViewController.swift */ = {isa = PBXFileReference; lastKnownFileType = sourcecode.swift; path = StoryBoardViewController.swift; sourceTree = "<group>"; };
		F2D5A89325E2F29000260797 /* Base */ = {isa = PBXFileReference; lastKnownFileType = file.storyboard; name = Base; path = Base.lproj/Main.storyboard; sourceTree = "<group>"; };
		F2D5A89525E2F29100260797 /* Assets.xcassets */ = {isa = PBXFileReference; lastKnownFileType = folder.assetcatalog; path = Assets.xcassets; sourceTree = "<group>"; };
		F2D5A89825E2F29100260797 /* Base */ = {isa = PBXFileReference; lastKnownFileType = file.storyboard; name = Base; path = Base.lproj/LaunchScreen.storyboard; sourceTree = "<group>"; };
		F2D5A89A25E2F29100260797 /* Info.plist */ = {isa = PBXFileReference; lastKnownFileType = text.plist.xml; path = Info.plist; sourceTree = "<group>"; };
		F2D5A89F25E2F29100260797 /* TestViewControllersTests.xctest */ = {isa = PBXFileReference; explicitFileType = wrapper.cfbundle; includeInIndex = 0; path = TestViewControllersTests.xctest; sourceTree = BUILT_PRODUCTS_DIR; };
		F2D5A8A525E2F29100260797 /* Info.plist */ = {isa = PBXFileReference; lastKnownFileType = text.plist.xml; path = Info.plist; sourceTree = "<group>"; };
		F2D5A8C525E2F45700260797 /* StoryBoardViewControllerTests.swift */ = {isa = PBXFileReference; lastKnownFileType = sourcecode.swift; path = StoryBoardViewControllerTests.swift; sourceTree = "<group>"; };
/* End PBXFileReference section */

/* Begin PBXFrameworksBuildPhase section */
		F2D5A88625E2F29000260797 /* Frameworks */ = {
			isa = PBXFrameworksBuildPhase;
			buildActionMask = 2147483647;
			files = (
			);
			runOnlyForDeploymentPostprocessing = 0;
		};
		F2D5A89C25E2F29100260797 /* Frameworks */ = {
			isa = PBXFrameworksBuildPhase;
			buildActionMask = 2147483647;
			files = (
			);
			runOnlyForDeploymentPostprocessing = 0;
		};
/* End PBXFrameworksBuildPhase section */

/* Begin PBXGroup section */
		F2D5A88025E2F28F00260797 = {
			isa = PBXGroup;
			children = (
				F2D5A88B25E2F29000260797 /* TestViewControllers */,
				F2D5A8A225E2F29100260797 /* TestViewControllersTests */,
				F2D5A88A25E2F29000260797 /* Products */,
			);
			sourceTree = "<group>";
		};
		F2D5A88A25E2F29000260797 /* Products */ = {
			isa = PBXGroup;
			children = (
				F2D5A88925E2F29000260797 /* TestViewControllers.app */,
				F2D5A89F25E2F29100260797 /* TestViewControllersTests.xctest */,
			);
			name = Products;
			sourceTree = "<group>";
		};
		F2D5A88B25E2F29000260797 /* TestViewControllers */ = {
			isa = PBXGroup;
			children = (
				F2D5A88C25E2F29000260797 /* AppDelegate.swift */,
				F2D5A88E25E2F29000260797 /* SceneDelegate.swift */,
				F2D5A89025E2F29000260797 /* StoryBoardViewController.swift */,
				F2D5A89225E2F29000260797 /* Main.storyboard */,
				F2D5A89525E2F29100260797 /* Assets.xcassets */,
				F2D5A89725E2F29100260797 /* LaunchScreen.storyboard */,
				F2D5A89A25E2F29100260797 /* Info.plist */,
			);
			path = TestViewControllers;
			sourceTree = "<group>";
		};
		F2D5A8A225E2F29100260797 /* TestViewControllersTests */ = {
			isa = PBXGroup;
			children = (
				F2D5A8A525E2F29100260797 /* Info.plist */,
				F2D5A8C525E2F45700260797 /* StoryBoardViewControllerTests.swift */,
			);
			path = TestViewControllersTests;
			sourceTree = "<group>";
		};
/* End PBXGroup section */

/* Begin PBXNativeTarget section */
		F2D5A88825E2F29000260797 /* TestViewControllers */ = {
			isa = PBXNativeTarget;
			buildConfigurationList = F2D5A8B325E2F29100260797 /* Build configuration list for PBXNativeTarget "TestViewControllers" */;
			buildPhases = (
				F2D5A88525E2F29000260797 /* Sources */,
				F2D5A88625E2F29000260797 /* Frameworks */,
				F2D5A88725E2F29000260797 /* Resources */,
			);
			buildRules = (
			);
			dependencies = (
			);
			name = TestViewControllers;
			productName = TestViewControllers;
			productReference = F2D5A88925E2F29000260797 /* TestViewControllers.app */;
			productType = "com.apple.product-type.application";
		};
		F2D5A89E25E2F29100260797 /* TestViewControllersTests */ = {
			isa = PBXNativeTarget;
			buildConfigurationList = F2D5A8B625E2F29100260797 /* Build configuration list for PBXNativeTarget "TestViewControllersTests" */;
			buildPhases = (
				F2D5A89B25E2F29100260797 /* Sources */,
				F2D5A89C25E2F29100260797 /* Frameworks */,
				F2D5A89D25E2F29100260797 /* Resources */,
			);
			buildRules = (
			);
			dependencies = (
				F2D5A8A125E2F29100260797 /* PBXTargetDependency */,
			);
			name = TestViewControllersTests;
			productName = TestViewControllersTests;
			productReference = F2D5A89F25E2F29100260797 /* TestViewControllersTests.xctest */;
			productType = "com.apple.product-type.bundle.unit-test";
		};
/* End PBXNativeTarget section */

/* Begin PBXProject section */
		F2D5A88125E2F28F00260797 /* Project object */ = {
			isa = PBXProject;
			attributes = {
				LastSwiftUpdateCheck = 1220;
				LastUpgradeCheck = 1220;
				TargetAttributes = {
					F2D5A88825E2F29000260797 = {
						CreatedOnToolsVersion = 12.2;
					};
					F2D5A89E25E2F29100260797 = {
						CreatedOnToolsVersion = 12.2;
						TestTargetID = F2D5A88825E2F29000260797;
					};
				};
			};
			buildConfigurationList = F2D5A88425E2F28F00260797 /* Build configuration list for PBXProject "TestViewControllers" */;
			compatibilityVersion = "Xcode 9.3";
			developmentRegion = en;
			hasScannedForEncodings = 0;
			knownRegions = (
				en,
				Base,
			);
			mainGroup = F2D5A88025E2F28F00260797;
			productRefGroup = F2D5A88A25E2F29000260797 /* Products */;
			projectDirPath = "";
			projectRoot = "";
			targets = (
				F2D5A88825E2F29000260797 /* TestViewControllers */,
				F2D5A89E25E2F29100260797 /* TestViewControllersTests */,
			);
		};
/* End PBXProject section */

/* Begin PBXResourcesBuildPhase section */
		F2D5A88725E2F29000260797 /* Resources */ = {
			isa = PBXResourcesBuildPhase;
			buildActionMask = 2147483647;
			files = (
				F2D5A89925E2F29100260797 /* LaunchScreen.storyboard in Resources */,
				F2D5A89625E2F29100260797 /* Assets.xcassets in Resources */,
				F2D5A89425E2F29000260797 /* Main.storyboard in Resources */,
			);
			runOnlyForDeploymentPostprocessing = 0;
		};
		F2D5A89D25E2F29100260797 /* Resources */ = {
			isa = PBXResourcesBuildPhase;
			buildActionMask = 2147483647;
			files = (
			);
			runOnlyForDeploymentPostprocessing = 0;
		};
/* End PBXResourcesBuildPhase section */

/* Begin PBXSourcesBuildPhase section */
		F2D5A88525E2F29000260797 /* Sources */ = {
			isa = PBXSourcesBuildPhase;
			buildActionMask = 2147483647;
			files = (
				F2D5A89125E2F29000260797 /* StoryBoardViewController.swift in Sources */,
				F2D5A88D25E2F29000260797 /* AppDelegate.swift in Sources */,
				F2D5A88F25E2F29000260797 /* SceneDelegate.swift in Sources */,
			);
			runOnlyForDeploymentPostprocessing = 0;
		};
		F2D5A89B25E2F29100260797 /* Sources */ = {
			isa = PBXSourcesBuildPhase;
			buildActionMask = 2147483647;
			files = (
				F2D5A8C625E2F45700260797 /* StoryBoardViewControllerTests.swift in Sources */,
			);
			runOnlyForDeploymentPostprocessing = 0;
		};
/* End PBXSourcesBuildPhase section */

/* Begin PBXTargetDependency section */
		F2D5A8A125E2F29100260797 /* PBXTargetDependency */ = {
			isa = PBXTargetDependency;
			target = F2D5A88825E2F29000260797 /* TestViewControllers */;
			targetProxy = F2D5A8A025E2F29100260797 /* PBXContainerItemProxy */;
		};
/* End PBXTargetDependency section */

/* Begin PBXVariantGroup section */
		F2D5A89225E2F29000260797 /* Main.storyboard */ = {
			isa = PBXVariantGroup;
			children = (
				F2D5A89325E2F29000260797 /* Base */,
			);
			name = Main.storyboard;
			sourceTree = "<group>";
		};
		F2D5A89725E2F29100260797 /* LaunchScreen.storyboard */ = {
			isa = PBXVariantGroup;
			children = (
				F2D5A89825E2F29100260797 /* Base */,
			);
			name = LaunchScreen.storyboard;
			sourceTree = "<group>";
		};
/* End PBXVariantGroup section */

/* Begin XCBuildConfiguration section */
		F2D5A8B125E2F29100260797 /* Debug */ = {
			isa = XCBuildConfiguration;
			buildSettings = {
				ALWAYS_SEARCH_USER_PATHS = NO;
				CLANG_ANALYZER_NONNULL = YES;
				CLANG_ANALYZER_NUMBER_OBJECT_CONVERSION = YES_AGGRESSIVE;
				CLANG_CXX_LANGUAGE_STANDARD = "gnu++14";
				CLANG_CXX_LIBRARY = "libc++";
				CLANG_ENABLE_MODULES = YES;
				CLANG_ENABLE_OBJC_ARC = YES;
				CLANG_ENABLE_OBJC_WEAK = YES;
				CLANG_WARN_BLOCK_CAPTURE_AUTORELEASING = YES;
				CLANG_WARN_BOOL_CONVERSION = YES;
				CLANG_WARN_COMMA = YES;
				CLANG_WARN_CONSTANT_CONVERSION = YES;
				CLANG_WARN_DEPRECATED_OBJC_IMPLEMENTATIONS = YES;
				CLANG_WARN_DIRECT_OBJC_ISA_USAGE = YES_ERROR;
				CLANG_WARN_DOCUMENTATION_COMMENTS = YES;
				CLANG_WARN_EMPTY_BODY = YES;
				CLANG_WARN_ENUM_CONVERSION = YES;
				CLANG_WARN_INFINITE_RECURSION = YES;
				CLANG_WARN_INT_CONVERSION = YES;
				CLANG_WARN_NON_LITERAL_NULL_CONVERSION = YES;
				CLANG_WARN_OBJC_IMPLICIT_RETAIN_SELF = YES;
				CLANG_WARN_OBJC_LITERAL_CONVERSION = YES;
				CLANG_WARN_OBJC_ROOT_CLASS = YES_ERROR;
				CLANG_WARN_QUOTED_INCLUDE_IN_FRAMEWORK_HEADER = YES;
				CLANG_WARN_RANGE_LOOP_ANALYSIS = YES;
				CLANG_WARN_STRICT_PROTOTYPES = YES;
				CLANG_WARN_SUSPICIOUS_MOVE = YES;
				CLANG_WARN_UNGUARDED_AVAILABILITY = YES_AGGRESSIVE;
				CLANG_WARN_UNREACHABLE_CODE = YES;
				CLANG_WARN__DUPLICATE_METHOD_MATCH = YES;
				COPY_PHASE_STRIP = NO;
				DEBUG_INFORMATION_FORMAT = dwarf;
				ENABLE_STRICT_OBJC_MSGSEND = YES;
				ENABLE_TESTABILITY = YES;
				GCC_C_LANGUAGE_STANDARD = gnu11;
				GCC_DYNAMIC_NO_PIC = NO;
				GCC_NO_COMMON_BLOCKS = YES;
				GCC_OPTIMIZATION_LEVEL = 0;
				GCC_PREPROCESSOR_DEFINITIONS = (
					"DEBUG=1",
					"$(inherited)",
				);
				GCC_WARN_64_TO_32_BIT_CONVERSION = YES;
				GCC_WARN_ABOUT_RETURN_TYPE = YES_ERROR;
				GCC_WARN_UNDECLARED_SELECTOR = YES;
				GCC_WARN_UNINITIALIZED_AUTOS = YES_AGGRESSIVE;
				GCC_WARN_UNUSED_FUNCTION = YES;
				GCC_WARN_UNUSED_VARIABLE = YES;
				IPHONEOS_DEPLOYMENT_TARGET = 14.2;
				MTL_ENABLE_DEBUG_INFO = INCLUDE_SOURCE;
				MTL_FAST_MATH = YES;
				ONLY_ACTIVE_ARCH = YES;
				SDKROOT = iphoneos;
				SWIFT_ACTIVE_COMPILATION_CONDITIONS = DEBUG;
				SWIFT_OPTIMIZATION_LEVEL = "-Onone";
			};
			name = Debug;
		};
		F2D5A8B225E2F29100260797 /* Release */ = {
			isa = XCBuildConfiguration;
			buildSettings = {
				ALWAYS_SEARCH_USER_PATHS = NO;
				CLANG_ANALYZER_NONNULL = YES;
				CLANG_ANALYZER_NUMBER_OBJECT_CONVERSION = YES_AGGRESSIVE;
				CLANG_CXX_LANGUAGE_STANDARD = "gnu++14";
				CLANG_CXX_LIBRARY = "libc++";
				CLANG_ENABLE_MODULES = YES;
				CLANG_ENABLE_OBJC_ARC = YES;
				CLANG_ENABLE_OBJC_WEAK = YES;
				CLANG_WARN_BLOCK_CAPTURE_AUTORELEASING = YES;
				CLANG_WARN_BOOL_CONVERSION = YES;
				CLANG_WARN_COMMA = YES;
				CLANG_WARN_CONSTANT_CONVERSION = YES;
				CLANG_WARN_DEPRECATED_OBJC_IMPLEMENTATIONS = YES;
				CLANG_WARN_DIRECT_OBJC_ISA_USAGE = YES_ERROR;
				CLANG_WARN_DOCUMENTATION_COMMENTS = YES;
				CLANG_WARN_EMPTY_BODY = YES;
				CLANG_WARN_ENUM_CONVERSION = YES;
				CLANG_WARN_INFINITE_RECURSION = YES;
				CLANG_WARN_INT_CONVERSION = YES;
				CLANG_WARN_NON_LITERAL_NULL_CONVERSION = YES;
				CLANG_WARN_OBJC_IMPLICIT_RETAIN_SELF = YES;
				CLANG_WARN_OBJC_LITERAL_CONVERSION = YES;
				CLANG_WARN_OBJC_ROOT_CLASS = YES_ERROR;
				CLANG_WARN_QUOTED_INCLUDE_IN_FRAMEWORK_HEADER = YES;
				CLANG_WARN_RANGE_LOOP_ANALYSIS = YES;
				CLANG_WARN_STRICT_PROTOTYPES = YES;
				CLANG_WARN_SUSPICIOUS_MOVE = YES;
				CLANG_WARN_UNGUARDED_AVAILABILITY = YES_AGGRESSIVE;
				CLANG_WARN_UNREACHABLE_CODE = YES;
				CLANG_WARN__DUPLICATE_METHOD_MATCH = YES;
				COPY_PHASE_STRIP = NO;
				DEBUG_INFORMATION_FORMAT = "dwarf-with-dsym";
				ENABLE_NS_ASSERTIONS = NO;
				ENABLE_STRICT_OBJC_MSGSEND = YES;
				GCC_C_LANGUAGE_STANDARD = gnu11;
				GCC_NO_COMMON_BLOCKS = YES;
				GCC_WARN_64_TO_32_BIT_CONVERSION = YES;
				GCC_WARN_ABOUT_RETURN_TYPE = YES_ERROR;
				GCC_WARN_UNDECLARED_SELECTOR = YES;
				GCC_WARN_UNINITIALIZED_AUTOS = YES_AGGRESSIVE;
				GCC_WARN_UNUSED_FUNCTION = YES;
				GCC_WARN_UNUSED_VARIABLE = YES;
				IPHONEOS_DEPLOYMENT_TARGET = 14.2;
				MTL_ENABLE_DEBUG_INFO = NO;
				MTL_FAST_MATH = YES;
				SDKROOT = iphoneos;
				SWIFT_COMPILATION_MODE = wholemodule;
				SWIFT_OPTIMIZATION_LEVEL = "-O";
				VALIDATE_PRODUCT = YES;
			};
			name = Release;
		};
		F2D5A8B425E2F29100260797 /* Debug */ = {
			isa = XCBuildConfiguration;
			buildSettings = {
				ASSETCATALOG_COMPILER_APPICON_NAME = AppIcon;
				ASSETCATALOG_COMPILER_GLOBAL_ACCENT_COLOR_NAME = AccentColor;
				CODE_SIGN_STYLE = Automatic;
				DEVELOPMENT_TEAM = D4ZUPHQCZR;
				INFOPLIST_FILE = TestViewControllers/Info.plist;
				LD_RUNPATH_SEARCH_PATHS = (
					"$(inherited)",
					"@executable_path/Frameworks",
				);
				PRODUCT_BUNDLE_IDENTIFIER = com.mario.TestViewControllers;
				PRODUCT_NAME = "$(TARGET_NAME)";
				SWIFT_VERSION = 5.0;
				TARGETED_DEVICE_FAMILY = "1,2";
			};
			name = Debug;
		};
		F2D5A8B525E2F29100260797 /* Release */ = {
			isa = XCBuildConfiguration;
			buildSettings = {
				ASSETCATALOG_COMPILER_APPICON_NAME = AppIcon;
				ASSETCATALOG_COMPILER_GLOBAL_ACCENT_COLOR_NAME = AccentColor;
				CODE_SIGN_STYLE = Automatic;
				DEVELOPMENT_TEAM = D4ZUPHQCZR;
				INFOPLIST_FILE = TestViewControllers/Info.plist;
				LD_RUNPATH_SEARCH_PATHS = (
					"$(inherited)",
					"@executable_path/Frameworks",
				);
				PRODUCT_BUNDLE_IDENTIFIER = com.mario.TestViewControllers;
				PRODUCT_NAME = "$(TARGET_NAME)";
				SWIFT_VERSION = 5.0;
				TARGETED_DEVICE_FAMILY = "1,2";
			};
			name = Release;
		};
		F2D5A8B725E2F29100260797 /* Debug */ = {
			isa = XCBuildConfiguration;
			buildSettings = {
				ALWAYS_EMBED_SWIFT_STANDARD_LIBRARIES = YES;
				BUNDLE_LOADER = "$(TEST_HOST)";
				CODE_SIGN_STYLE = Automatic;
				DEVELOPMENT_TEAM = D4ZUPHQCZR;
				INFOPLIST_FILE = TestViewControllersTests/Info.plist;
				IPHONEOS_DEPLOYMENT_TARGET = 14.2;
				LD_RUNPATH_SEARCH_PATHS = (
					"$(inherited)",
					"@executable_path/Frameworks",
					"@loader_path/Frameworks",
				);
				PRODUCT_BUNDLE_IDENTIFIER = com.mario.TestViewControllersTests;
				PRODUCT_NAME = "$(TARGET_NAME)";
				SWIFT_VERSION = 5.0;
				TARGETED_DEVICE_FAMILY = "1,2";
				TEST_HOST = "$(BUILT_PRODUCTS_DIR)/TestViewControllers.app/TestViewControllers";
			};
			name = Debug;
		};
		F2D5A8B825E2F29100260797 /* Release */ = {
			isa = XCBuildConfiguration;
			buildSettings = {
				ALWAYS_EMBED_SWIFT_STANDARD_LIBRARIES = YES;
				BUNDLE_LOADER = "$(TEST_HOST)";
				CODE_SIGN_STYLE = Automatic;
				DEVELOPMENT_TEAM = D4ZUPHQCZR;
				INFOPLIST_FILE = TestViewControllersTests/Info.plist;
				IPHONEOS_DEPLOYMENT_TARGET = 14.2;
				LD_RUNPATH_SEARCH_PATHS = (
					"$(inherited)",
					"@executable_path/Frameworks",
					"@loader_path/Frameworks",
				);
				PRODUCT_BUNDLE_IDENTIFIER = com.mario.TestViewControllersTests;
				PRODUCT_NAME = "$(TARGET_NAME)";
				SWIFT_VERSION = 5.0;
				TARGETED_DEVICE_FAMILY = "1,2";
				TEST_HOST = "$(BUILT_PRODUCTS_DIR)/TestViewControllers.app/TestViewControllers";
			};
			name = Release;
		};
/* End XCBuildConfiguration section */

/* Begin XCConfigurationList section */
		F2D5A88425E2F28F00260797 /* Build configuration list for PBXProject "TestViewControllers" */ = {
			isa = XCConfigurationList;
			buildConfigurations = (
				F2D5A8B125E2F29100260797 /* Debug */,
				F2D5A8B225E2F29100260797 /* Release */,
			);
			defaultConfigurationIsVisible = 0;
			defaultConfigurationName = Release;
		};
		F2D5A8B325E2F29100260797 /* Build configuration list for PBXNativeTarget "TestViewControllers" */ = {
			isa = XCConfigurationList;
			buildConfigurations = (
				F2D5A8B425E2F29100260797 /* Debug */,
				F2D5A8B525E2F29100260797 /* Release */,
			);
			defaultConfigurationIsVisible = 0;
			defaultConfigurationName = Release;
		};
		F2D5A8B625E2F29100260797 /* Build configuration list for PBXNativeTarget "TestViewControllersTests" */ = {
			isa = XCConfigurationList;
			buildConfigurations = (
				F2D5A8B725E2F29100260797 /* Debug */,
				F2D5A8B825E2F29100260797 /* Release */,
			);
			defaultConfigurationIsVisible = 0;
			defaultConfigurationName = Release;
		};
/* End XCConfigurationList section */
	};
	rootObject = F2D5A88125E2F28F00260797 /* Project object */;
}
